
Microsoft Visual Studio Solution File, Format Version 12.00
# Visual Studio Version 17
VisualStudioVersion = 17.1.32210.238
MinimumVisualStudioVersion = 10.0.40219.1
Project("{FAE04EC0-301F-11D3-BF4B-00C04F79EFBC}") = "Middlewares", "Middlewares\Middlewares.csproj", "{CCEE4BD7-AF3B-48F6-B95B-7AD68076A45F}"
EndProject
Global
	GlobalSection(SolutionConfigurationPlatforms) = preSolution
		Debug|Any CPU = Debug|Any CPU
		Release|Any CPU = Release|Any CPU
	EndGlobalSection
	GlobalSection(ProjectConfigurationPlatforms) = postSolution
		{CCEE4BD7-AF3B-48F6-B95B-7AD68076A45F}.Debug|Any CPU.ActiveCfg = Debug|Any CPU
		{CCEE4BD7-AF3B-48F6-B95B-7AD68076A45F}.Debug|Any CPU.Build.0 = Debug|Any CPU
		{CCEE4BD7-AF3B-48F6-B95B-7AD68076A45F}.Release|Any CPU.ActiveCfg = Release|Any CPU
		{CCEE4BD7-AF3B-48F6-B95B-7AD68076A45F}.Release|Any CPU.Build.0 = Release|Any CPU
	EndGlobalSection
	GlobalSection(SolutionProperties) = preSolution
		HideSolutionNode = FALSE
	EndGlobalSection
	GlobalSection(ExtensibilityGlobals) = postSolution
		SolutionGuid = {C05B2D9B-5DE4-42E1-B1CD-391488E2158E}
	EndGlobalSection
EndGlobal
